<?xml version="1.0" encoding="utf-8"?>
<Project ToolsVersion="15.0" xmlns="http://schemas.microsoft.com/developer/msbuild/2003">
  <ItemGroup>
    <ClCompile Include="C:\BlenderStuff\BlenderScope\intern\opencolorio\ocio_capi.cc">
      <Filter>Source Files</Filter>
    </ClCompile>
    <ClCompile Include="C:\BlenderStuff\BlenderScope\intern\opencolorio\fallback_impl.cc">
      <Filter>Source Files</Filter>
    </ClCompile>
    <ClCompile Include="C:\BlenderStuff\BlenderScope\intern\opencolorio\ocio_impl.cc">
      <Filter>Source Files</Filter>
    </ClCompile>
    <ClCompile Include="C:\BlenderStuff\BlenderScope\intern\opencolorio\ocio_impl_glsl.cc">
      <Filter>Source Files</Filter>
    </ClCompile>
    <ClCompile Include="C:\BlenderStuff\BlenderScope\ProjectFiles\intern\opencolorio\gpu_shader_display_transform.glsl.c">
      <Filter>Generated</Filter>
    </ClCompile>
    <ClCompile Include="C:\BlenderStuff\BlenderScope\ProjectFiles\intern\opencolorio\gpu_shader_display_transform_vertex.glsl.c">
      <Filter>Generated</Filter>
    </ClCompile>
  </ItemGroup>
  <ItemGroup>
    <ClInclude Include="C:\BlenderStuff\BlenderScope\intern\opencolorio\ocio_capi.h">
      <Filter>Header Files</Filter>
    </ClInclude>
    <ClInclude Include="C:\BlenderStuff\BlenderScope\intern\opencolorio\ocio_impl.h">
      <Filter>Header Files</Filter>
    </ClInclude>
  </ItemGroup>
  <ItemGroup>
    <CustomBuild Include="C:\BlenderStuff\BlenderScope\ProjectFiles\CMakeFiles\cf6a3e1ef6e6b76a7d2cef1dd698f91f\gpu_shader_display_transform.glsl.c.rule">
      <Filter>CMake Rules</Filter>
    </CustomBuild>
    <CustomBuild Include="C:\BlenderStuff\BlenderScope\ProjectFiles\CMakeFiles\cf6a3e1ef6e6b76a7d2cef1dd698f91f\gpu_shader_display_transform_vertex.glsl.c.rule">
      <Filter>CMake Rules</Filter>
    </CustomBuild>
    <CustomBuild Include="C:\BlenderStuff\BlenderScope\intern\opencolorio\CMakeLists.txt">
      <Filter>Source Files</Filter>
    </CustomBuild>
  </ItemGroup>
  <ItemGroup>
    <None Include="C:\BlenderStuff\BlenderScope\intern\opencolorio\gpu_shader_display_transform.glsl">
      <Filter>Source Files</Filter>
    </None>
    <None Include="C:\BlenderStuff\BlenderScope\intern\opencolorio\gpu_shader_display_transform_vertex.glsl">
      <Filter>Source Files</Filter>
    </None>
  </ItemGroup>
  <ItemGroup>
    <Filter Include="CMake Rules">
      <UniqueIdentifier>{B8EC40A3-4290-3D9F-8D54-9942BC1F9E27}</UniqueIdentifier>
    </Filter>
    <Filter Include="Generated">
      <UniqueIdentifier>{2901CBAA-49A2-33DE-B37B-5306184C1275}</UniqueIdentifier>
    </Filter>
    <Filter Include="Header Files">
      <UniqueIdentifier>{0A083356-E22C-3FF4-89E7-40C1C36442D5}</UniqueIdentifier>
    </Filter>
    <Filter Include="Source Files">
      <UniqueIdentifier>{EF281415-9C27-31F6-BC52-8296F3C94897}</UniqueIdentifier>
    </Filter>
  </ItemGroup>
</Project>
