<?xml version="1.0" encoding="utf-8"?>
<Project ToolsVersion="15.0" xmlns="http://schemas.microsoft.com/developer/msbuild/2003">
  <ItemGroup>
    <ClCompile Include="C:\BlenderStuff\BlenderScope\source\blender\windowmanager\intern\wm.c">
      <Filter>Source Files</Filter>
    </ClCompile>
    <ClCompile Include="C:\BlenderStuff\BlenderScope\source\blender\windowmanager\intern\wm_cursors.c">
      <Filter>Source Files</Filter>
    </ClCompile>
    <ClCompile Include="C:\BlenderStuff\BlenderScope\source\blender\windowmanager\intern\wm_dragdrop.c">
      <Filter>Source Files</Filter>
    </ClCompile>
    <ClCompile Include="C:\BlenderStuff\BlenderScope\source\blender\windowmanager\intern\wm_draw.c">
      <Filter>Source Files</Filter>
    </ClCompile>
    <ClCompile Include="C:\BlenderStuff\BlenderScope\source\blender\windowmanager\intern\wm_event_system.c">
      <Filter>Source Files</Filter>
    </ClCompile>
    <ClCompile Include="C:\BlenderStuff\BlenderScope\source\blender\windowmanager\intern\wm_files.c">
      <Filter>Source Files</Filter>
    </ClCompile>
    <ClCompile Include="C:\BlenderStuff\BlenderScope\source\blender\windowmanager\intern\wm_files_link.c">
      <Filter>Source Files</Filter>
    </ClCompile>
    <ClCompile Include="C:\BlenderStuff\BlenderScope\source\blender\windowmanager\intern\wm_gesture.c">
      <Filter>Source Files</Filter>
    </ClCompile>
    <ClCompile Include="C:\BlenderStuff\BlenderScope\source\blender\windowmanager\intern\wm_gesture_ops.c">
      <Filter>Source Files</Filter>
    </ClCompile>
    <ClCompile Include="C:\BlenderStuff\BlenderScope\source\blender\windowmanager\intern\wm_init_exit.c">
      <Filter>Source Files</Filter>
    </ClCompile>
    <ClCompile Include="C:\BlenderStuff\BlenderScope\source\blender\windowmanager\intern\wm_jobs.c">
      <Filter>Source Files</Filter>
    </ClCompile>
    <ClCompile Include="C:\BlenderStuff\BlenderScope\source\blender\windowmanager\intern\wm_keymap.c">
      <Filter>Source Files</Filter>
    </ClCompile>
    <ClCompile Include="C:\BlenderStuff\BlenderScope\source\blender\windowmanager\intern\wm_keymap_utils.c">
      <Filter>Source Files</Filter>
    </ClCompile>
    <ClCompile Include="C:\BlenderStuff\BlenderScope\source\blender\windowmanager\intern\wm_menu_type.c">
      <Filter>Source Files</Filter>
    </ClCompile>
    <ClCompile Include="C:\BlenderStuff\BlenderScope\source\blender\windowmanager\intern\wm_operator_props.c">
      <Filter>Source Files</Filter>
    </ClCompile>
    <ClCompile Include="C:\BlenderStuff\BlenderScope\source\blender\windowmanager\intern\wm_operator_type.c">
      <Filter>Source Files</Filter>
    </ClCompile>
    <ClCompile Include="C:\BlenderStuff\BlenderScope\source\blender\windowmanager\intern\wm_operators.c">
      <Filter>Source Files</Filter>
    </ClCompile>
    <ClCompile Include="C:\BlenderStuff\BlenderScope\source\blender\windowmanager\intern\wm_panel_type.c">
      <Filter>Source Files</Filter>
    </ClCompile>
    <ClCompile Include="C:\BlenderStuff\BlenderScope\source\blender\windowmanager\intern\wm_playanim.c">
      <Filter>Source Files</Filter>
    </ClCompile>
    <ClCompile Include="C:\BlenderStuff\BlenderScope\source\blender\windowmanager\intern\wm_stereo.c">
      <Filter>Source Files</Filter>
    </ClCompile>
    <ClCompile Include="C:\BlenderStuff\BlenderScope\source\blender\windowmanager\intern\wm_subwindow.c">
      <Filter>Source Files</Filter>
    </ClCompile>
    <ClCompile Include="C:\BlenderStuff\BlenderScope\source\blender\windowmanager\intern\wm_toolsystem.c">
      <Filter>Source Files</Filter>
    </ClCompile>
    <ClCompile Include="C:\BlenderStuff\BlenderScope\source\blender\windowmanager\intern\wm_tooltip.c">
      <Filter>Source Files</Filter>
    </ClCompile>
    <ClCompile Include="C:\BlenderStuff\BlenderScope\source\blender\windowmanager\intern\wm_uilist_type.c">
      <Filter>Source Files</Filter>
    </ClCompile>
    <ClCompile Include="C:\BlenderStuff\BlenderScope\source\blender\windowmanager\intern\wm_window.c">
      <Filter>Source Files</Filter>
    </ClCompile>
    <ClCompile Include="C:\BlenderStuff\BlenderScope\source\blender\windowmanager\gizmo\intern\wm_gizmo.c">
      <Filter>Source Files</Filter>
    </ClCompile>
    <ClCompile Include="C:\BlenderStuff\BlenderScope\source\blender\windowmanager\gizmo\intern\wm_gizmo_group.c">
      <Filter>Source Files</Filter>
    </ClCompile>
    <ClCompile Include="C:\BlenderStuff\BlenderScope\source\blender\windowmanager\gizmo\intern\wm_gizmo_group_type.c">
      <Filter>Source Files</Filter>
    </ClCompile>
    <ClCompile Include="C:\BlenderStuff\BlenderScope\source\blender\windowmanager\gizmo\intern\wm_gizmo_map.c">
      <Filter>Source Files</Filter>
    </ClCompile>
    <ClCompile Include="C:\BlenderStuff\BlenderScope\source\blender\windowmanager\gizmo\intern\wm_gizmo_target_props.c">
      <Filter>Source Files</Filter>
    </ClCompile>
    <ClCompile Include="C:\BlenderStuff\BlenderScope\source\blender\windowmanager\gizmo\intern\wm_gizmo_type.c">
      <Filter>Source Files</Filter>
    </ClCompile>
    <ClCompile Include="C:\BlenderStuff\BlenderScope\source\blender\windowmanager\message_bus\intern\wm_message_bus.c">
      <Filter>Source Files</Filter>
    </ClCompile>
    <ClCompile Include="C:\BlenderStuff\BlenderScope\source\blender\windowmanager\message_bus\intern\wm_message_bus_rna.c">
      <Filter>Source Files</Filter>
    </ClCompile>
    <ClCompile Include="C:\BlenderStuff\BlenderScope\source\blender\windowmanager\message_bus\intern\wm_message_bus_static.c">
      <Filter>Source Files</Filter>
    </ClCompile>
  </ItemGroup>
  <ItemGroup>
    <ClInclude Include="C:\BlenderStuff\BlenderScope\source\blender\windowmanager\WM_api.h">
      <Filter>Header Files</Filter>
    </ClInclude>
    <ClInclude Include="C:\BlenderStuff\BlenderScope\source\blender\windowmanager\WM_keymap.h">
      <Filter>Header Files</Filter>
    </ClInclude>
    <ClInclude Include="C:\BlenderStuff\BlenderScope\source\blender\windowmanager\WM_message.h">
      <Filter>Header Files</Filter>
    </ClInclude>
    <ClInclude Include="C:\BlenderStuff\BlenderScope\source\blender\windowmanager\WM_toolsystem.h">
      <Filter>Header Files</Filter>
    </ClInclude>
    <ClInclude Include="C:\BlenderStuff\BlenderScope\source\blender\windowmanager\WM_types.h">
      <Filter>Header Files</Filter>
    </ClInclude>
    <ClInclude Include="C:\BlenderStuff\BlenderScope\source\blender\windowmanager\wm.h">
      <Filter>Header Files</Filter>
    </ClInclude>
    <ClInclude Include="C:\BlenderStuff\BlenderScope\source\blender\windowmanager\wm_cursors.h">
      <Filter>Header Files</Filter>
    </ClInclude>
    <ClInclude Include="C:\BlenderStuff\BlenderScope\source\blender\windowmanager\wm_draw.h">
      <Filter>Header Files</Filter>
    </ClInclude>
    <ClInclude Include="C:\BlenderStuff\BlenderScope\source\blender\windowmanager\wm_event_system.h">
      <Filter>Header Files</Filter>
    </ClInclude>
    <ClInclude Include="C:\BlenderStuff\BlenderScope\source\blender\windowmanager\wm_event_types.h">
      <Filter>Header Files</Filter>
    </ClInclude>
    <ClInclude Include="C:\BlenderStuff\BlenderScope\source\blender\windowmanager\wm_files.h">
      <Filter>Header Files</Filter>
    </ClInclude>
    <ClInclude Include="C:\BlenderStuff\BlenderScope\source\blender\windowmanager\wm_window.h">
      <Filter>Header Files</Filter>
    </ClInclude>
    <ClInclude Include="C:\BlenderStuff\BlenderScope\source\blender\windowmanager\gizmo\WM_gizmo_api.h">
      <Filter>Header Files</Filter>
    </ClInclude>
    <ClInclude Include="C:\BlenderStuff\BlenderScope\source\blender\windowmanager\gizmo\WM_gizmo_types.h">
      <Filter>Header Files</Filter>
    </ClInclude>
    <ClInclude Include="C:\BlenderStuff\BlenderScope\source\blender\windowmanager\gizmo\wm_gizmo_fn.h">
      <Filter>Header Files</Filter>
    </ClInclude>
    <ClInclude Include="C:\BlenderStuff\BlenderScope\source\blender\windowmanager\gizmo\wm_gizmo_wmapi.h">
      <Filter>Header Files</Filter>
    </ClInclude>
    <ClInclude Include="C:\BlenderStuff\BlenderScope\source\blender\windowmanager\gizmo\intern\wm_gizmo_intern.h">
      <Filter>Header Files</Filter>
    </ClInclude>
    <ClInclude Include="C:\BlenderStuff\BlenderScope\source\blender\windowmanager\message_bus\intern\wm_message_bus_intern.h">
      <Filter>Header Files</Filter>
    </ClInclude>
    <ClInclude Include="C:\BlenderStuff\BlenderScope\source\blender\windowmanager\message_bus\wm_message_bus.h">
      <Filter>Header Files</Filter>
    </ClInclude>
  </ItemGroup>
  <ItemGroup>
    <CustomBuild Include="C:\BlenderStuff\BlenderScope\source\blender\windowmanager\CMakeLists.txt">
      <Filter>Source Files</Filter>
    </CustomBuild>
  </ItemGroup>
  <ItemGroup>
    <Filter Include="Header Files">
      <UniqueIdentifier>{0A083356-E22C-3FF4-89E7-40C1C36442D5}</UniqueIdentifier>
    </Filter>
    <Filter Include="Source Files">
      <UniqueIdentifier>{EF281415-9C27-31F6-BC52-8296F3C94897}</UniqueIdentifier>
    </Filter>
  </ItemGroup>
</Project>
