<?xml version="1.0" encoding="utf-8"?>
<Project ToolsVersion="15.0" xmlns="http://schemas.microsoft.com/developer/msbuild/2003">
  <ItemGroup>
    <ClCompile Include="C:\BlenderStuff\BlenderScope\release\datafiles\userdef\userdef_default_theme.c">
      <Filter>Source Files</Filter>
    </ClCompile>
    <ClCompile Include="C:\BlenderStuff\BlenderScope\source\blender\blenloader\intern\blend_validate.c">
      <Filter>Source Files</Filter>
    </ClCompile>
    <ClCompile Include="C:\BlenderStuff\BlenderScope\source\blender\blenloader\intern\readblenentry.c">
      <Filter>Source Files</Filter>
    </ClCompile>
    <ClCompile Include="C:\BlenderStuff\BlenderScope\source\blender\blenloader\intern\readfile.c">
      <Filter>Source Files</Filter>
    </ClCompile>
    <ClCompile Include="C:\BlenderStuff\BlenderScope\source\blender\blenloader\intern\undofile.c">
      <Filter>Source Files</Filter>
    </ClCompile>
    <ClCompile Include="C:\BlenderStuff\BlenderScope\source\blender\blenloader\intern\versioning_250.c">
      <Filter>Source Files</Filter>
    </ClCompile>
    <ClCompile Include="C:\BlenderStuff\BlenderScope\source\blender\blenloader\intern\versioning_260.c">
      <Filter>Source Files</Filter>
    </ClCompile>
    <ClCompile Include="C:\BlenderStuff\BlenderScope\source\blender\blenloader\intern\versioning_270.c">
      <Filter>Source Files</Filter>
    </ClCompile>
    <ClCompile Include="C:\BlenderStuff\BlenderScope\source\blender\blenloader\intern\versioning_280.c">
      <Filter>Source Files</Filter>
    </ClCompile>
    <ClCompile Include="C:\BlenderStuff\BlenderScope\source\blender\blenloader\intern\versioning_defaults.c">
      <Filter>Source Files</Filter>
    </ClCompile>
    <ClCompile Include="C:\BlenderStuff\BlenderScope\source\blender\blenloader\intern\versioning_legacy.c">
      <Filter>Source Files</Filter>
    </ClCompile>
    <ClCompile Include="C:\BlenderStuff\BlenderScope\source\blender\blenloader\intern\versioning_userdef.c">
      <Filter>Source Files</Filter>
    </ClCompile>
    <ClCompile Include="C:\BlenderStuff\BlenderScope\source\blender\blenloader\intern\writefile.c">
      <Filter>Source Files</Filter>
    </ClCompile>
  </ItemGroup>
  <ItemGroup>
    <ClInclude Include="C:\BlenderStuff\BlenderScope\source\blender\blenloader\BLO_blend_defs.h">
      <Filter>Header Files</Filter>
    </ClInclude>
    <ClInclude Include="C:\BlenderStuff\BlenderScope\source\blender\blenloader\BLO_blend_validate.h">
      <Filter>Header Files</Filter>
    </ClInclude>
    <ClInclude Include="C:\BlenderStuff\BlenderScope\source\blender\blenloader\BLO_readfile.h">
      <Filter>Header Files</Filter>
    </ClInclude>
    <ClInclude Include="C:\BlenderStuff\BlenderScope\source\blender\blenloader\BLO_undofile.h">
      <Filter>Header Files</Filter>
    </ClInclude>
    <ClInclude Include="C:\BlenderStuff\BlenderScope\source\blender\blenloader\BLO_writefile.h">
      <Filter>Header Files</Filter>
    </ClInclude>
    <ClInclude Include="C:\BlenderStuff\BlenderScope\source\blender\blenloader\intern\readfile.h">
      <Filter>Header Files</Filter>
    </ClInclude>
  </ItemGroup>
  <ItemGroup>
    <CustomBuild Include="C:\BlenderStuff\BlenderScope\source\blender\blenloader\CMakeLists.txt">
      <Filter>Source Files</Filter>
    </CustomBuild>
  </ItemGroup>
  <ItemGroup>
    <Filter Include="Header Files">
      <UniqueIdentifier>{0A083356-E22C-3FF4-89E7-40C1C36442D5}</UniqueIdentifier>
    </Filter>
    <Filter Include="Source Files">
      <UniqueIdentifier>{EF281415-9C27-31F6-BC52-8296F3C94897}</UniqueIdentifier>
    </Filter>
  </ItemGroup>
</Project>
