<?xml version="1.0" encoding="utf-8"?>
<Project ToolsVersion="15.0" xmlns="http://schemas.microsoft.com/developer/msbuild/2003">
  <ItemGroup>
    <ClCompile Include="C:\BlenderStuff\BlenderScope\source\blender\datatoc\datatoc_icon.c">
      <Filter>Source Files</Filter>
    </ClCompile>
    <ClCompile Include="C:\BlenderStuff\BlenderScope\source\blender\blenlib\intern\winstuff_dir.c">
      <Filter>Source Files</Filter>
    </ClCompile>
    <ClCompile Include="C:\BlenderStuff\BlenderScope\intern\utfconv\utfconv.c">
      <Filter>Source Files</Filter>
    </ClCompile>
  </ItemGroup>
  <ItemGroup>
    <CustomBuild Include="C:\BlenderStuff\BlenderScope\source\blender\datatoc\CMakeLists.txt" />
  </ItemGroup>
  <ItemGroup>
    <Filter Include="Source Files">
      <UniqueIdentifier>{EF281415-9C27-31F6-BC52-8296F3C94897}</UniqueIdentifier>
    </Filter>
  </ItemGroup>
</Project>
