<?xml version="1.0" encoding="utf-8"?>
<Project ToolsVersion="15.0" xmlns="http://schemas.microsoft.com/developer/msbuild/2003">
  <ItemGroup>
    <ClCompile Include="C:\BlenderStuff\BlenderScope\intern\opensubdiv\internal\opensubdiv.cc">
      <Filter>Source Files</Filter>
    </ClCompile>
    <ClCompile Include="C:\BlenderStuff\BlenderScope\intern\opensubdiv\internal\opensubdiv_converter_factory.cc">
      <Filter>Source Files</Filter>
    </ClCompile>
    <ClCompile Include="C:\BlenderStuff\BlenderScope\intern\opensubdiv\internal\opensubdiv_converter_internal.cc">
      <Filter>Source Files</Filter>
    </ClCompile>
    <ClCompile Include="C:\BlenderStuff\BlenderScope\intern\opensubdiv\internal\opensubdiv_converter_orient.cc">
      <Filter>Source Files</Filter>
    </ClCompile>
    <ClCompile Include="C:\BlenderStuff\BlenderScope\intern\opensubdiv\internal\opensubdiv_device_context_cuda.cc">
      <Filter>Source Files</Filter>
    </ClCompile>
    <ClCompile Include="C:\BlenderStuff\BlenderScope\intern\opensubdiv\internal\opensubdiv_device_context_opencl.cc">
      <Filter>Source Files</Filter>
    </ClCompile>
    <ClCompile Include="C:\BlenderStuff\BlenderScope\intern\opensubdiv\internal\opensubdiv_evaluator.cc">
      <Filter>Source Files</Filter>
    </ClCompile>
    <ClCompile Include="C:\BlenderStuff\BlenderScope\intern\opensubdiv\internal\opensubdiv_evaluator_internal.cc">
      <Filter>Source Files</Filter>
    </ClCompile>
    <ClCompile Include="C:\BlenderStuff\BlenderScope\intern\opensubdiv\internal\opensubdiv_gl_mesh.cc">
      <Filter>Source Files</Filter>
    </ClCompile>
    <ClCompile Include="C:\BlenderStuff\BlenderScope\intern\opensubdiv\internal\opensubdiv_gl_mesh_draw.cc">
      <Filter>Source Files</Filter>
    </ClCompile>
    <ClCompile Include="C:\BlenderStuff\BlenderScope\intern\opensubdiv\internal\opensubdiv_gl_mesh_fvar.cc">
      <Filter>Source Files</Filter>
    </ClCompile>
    <ClCompile Include="C:\BlenderStuff\BlenderScope\intern\opensubdiv\internal\opensubdiv_gl_mesh_internal.cc">
      <Filter>Source Files</Filter>
    </ClCompile>
    <ClCompile Include="C:\BlenderStuff\BlenderScope\intern\opensubdiv\internal\opensubdiv_topology_refiner.cc">
      <Filter>Source Files</Filter>
    </ClCompile>
    <ClCompile Include="C:\BlenderStuff\BlenderScope\intern\opensubdiv\internal\opensubdiv_topology_refiner_internal.cc">
      <Filter>Source Files</Filter>
    </ClCompile>
    <ClCompile Include="C:\BlenderStuff\BlenderScope\intern\opensubdiv\internal\opensubdiv_util.cc">
      <Filter>Source Files</Filter>
    </ClCompile>
    <ClCompile Include="C:\BlenderStuff\BlenderScope\ProjectFiles\intern\opensubdiv\shader\gpu_shader_opensubdiv_vertex.glsl.c">
      <Filter>Generated</Filter>
    </ClCompile>
    <ClCompile Include="C:\BlenderStuff\BlenderScope\ProjectFiles\intern\opensubdiv\shader\gpu_shader_opensubdiv_geometry.glsl.c">
      <Filter>Generated</Filter>
    </ClCompile>
    <ClCompile Include="C:\BlenderStuff\BlenderScope\ProjectFiles\intern\opensubdiv\shader\gpu_shader_opensubdiv_fragment.glsl.c">
      <Filter>Generated</Filter>
    </ClCompile>
  </ItemGroup>
  <ItemGroup>
    <ClInclude Include="C:\BlenderStuff\BlenderScope\intern\opensubdiv\opensubdiv_capi.h">
      <Filter>Header Files</Filter>
    </ClInclude>
    <ClInclude Include="C:\BlenderStuff\BlenderScope\intern\opensubdiv\opensubdiv_capi_type.h">
      <Filter>Header Files</Filter>
    </ClInclude>
    <ClInclude Include="C:\BlenderStuff\BlenderScope\intern\opensubdiv\opensubdiv_converter_capi.h">
      <Filter>Header Files</Filter>
    </ClInclude>
    <ClInclude Include="C:\BlenderStuff\BlenderScope\intern\opensubdiv\opensubdiv_evaluator_capi.h">
      <Filter>Header Files</Filter>
    </ClInclude>
    <ClInclude Include="C:\BlenderStuff\BlenderScope\intern\opensubdiv\opensubdiv_gl_mesh_capi.h">
      <Filter>Header Files</Filter>
    </ClInclude>
    <ClInclude Include="C:\BlenderStuff\BlenderScope\intern\opensubdiv\opensubdiv_topology_refiner_capi.h">
      <Filter>Header Files</Filter>
    </ClInclude>
    <ClInclude Include="C:\BlenderStuff\BlenderScope\intern\opensubdiv\internal\opensubdiv_converter_factory.h">
      <Filter>Header Files</Filter>
    </ClInclude>
    <ClInclude Include="C:\BlenderStuff\BlenderScope\intern\opensubdiv\internal\opensubdiv_converter_internal.h">
      <Filter>Header Files</Filter>
    </ClInclude>
    <ClInclude Include="C:\BlenderStuff\BlenderScope\intern\opensubdiv\internal\opensubdiv_converter_orient.h">
      <Filter>Header Files</Filter>
    </ClInclude>
    <ClInclude Include="C:\BlenderStuff\BlenderScope\intern\opensubdiv\internal\opensubdiv_converter_orient_impl.h">
      <Filter>Header Files</Filter>
    </ClInclude>
    <ClInclude Include="C:\BlenderStuff\BlenderScope\intern\opensubdiv\internal\opensubdiv_device_context_cuda.h">
      <Filter>Header Files</Filter>
    </ClInclude>
    <ClInclude Include="C:\BlenderStuff\BlenderScope\intern\opensubdiv\internal\opensubdiv_device_context_opencl.h">
      <Filter>Header Files</Filter>
    </ClInclude>
    <ClInclude Include="C:\BlenderStuff\BlenderScope\intern\opensubdiv\internal\opensubdiv_edge_map.h">
      <Filter>Header Files</Filter>
    </ClInclude>
    <ClInclude Include="C:\BlenderStuff\BlenderScope\intern\opensubdiv\internal\opensubdiv_evaluator_internal.h">
      <Filter>Header Files</Filter>
    </ClInclude>
    <ClInclude Include="C:\BlenderStuff\BlenderScope\intern\opensubdiv\internal\opensubdiv_gl_mesh_draw.h">
      <Filter>Header Files</Filter>
    </ClInclude>
    <ClInclude Include="C:\BlenderStuff\BlenderScope\intern\opensubdiv\internal\opensubdiv_gl_mesh_fvar.h">
      <Filter>Header Files</Filter>
    </ClInclude>
    <ClInclude Include="C:\BlenderStuff\BlenderScope\intern\opensubdiv\internal\opensubdiv_gl_mesh_internal.h">
      <Filter>Header Files</Filter>
    </ClInclude>
    <ClInclude Include="C:\BlenderStuff\BlenderScope\intern\opensubdiv\internal\opensubdiv_internal.h">
      <Filter>Header Files</Filter>
    </ClInclude>
    <ClInclude Include="C:\BlenderStuff\BlenderScope\intern\opensubdiv\internal\opensubdiv_topology_refiner_internal.h">
      <Filter>Header Files</Filter>
    </ClInclude>
    <ClInclude Include="C:\BlenderStuff\BlenderScope\intern\opensubdiv\internal\opensubdiv_util.h">
      <Filter>Header Files</Filter>
    </ClInclude>
  </ItemGroup>
  <ItemGroup>
    <CustomBuild Include="C:\BlenderStuff\BlenderScope\ProjectFiles\CMakeFiles\e62fdb920a9ac29ba3c0a19cae899327\gpu_shader_opensubdiv_vertex.glsl.c.rule">
      <Filter>CMake Rules</Filter>
    </CustomBuild>
    <CustomBuild Include="C:\BlenderStuff\BlenderScope\ProjectFiles\CMakeFiles\e62fdb920a9ac29ba3c0a19cae899327\gpu_shader_opensubdiv_geometry.glsl.c.rule">
      <Filter>CMake Rules</Filter>
    </CustomBuild>
    <CustomBuild Include="C:\BlenderStuff\BlenderScope\ProjectFiles\CMakeFiles\e62fdb920a9ac29ba3c0a19cae899327\gpu_shader_opensubdiv_fragment.glsl.c.rule">
      <Filter>CMake Rules</Filter>
    </CustomBuild>
    <CustomBuild Include="C:\BlenderStuff\BlenderScope\intern\opensubdiv\CMakeLists.txt">
      <Filter>Source Files</Filter>
    </CustomBuild>
  </ItemGroup>
  <ItemGroup>
    <None Include="C:\BlenderStuff\BlenderScope\intern\opensubdiv\shader\gpu_shader_opensubdiv_vertex.glsl">
      <Filter>Source Files</Filter>
    </None>
    <None Include="C:\BlenderStuff\BlenderScope\intern\opensubdiv\shader\gpu_shader_opensubdiv_geometry.glsl">
      <Filter>Source Files</Filter>
    </None>
    <None Include="C:\BlenderStuff\BlenderScope\intern\opensubdiv\shader\gpu_shader_opensubdiv_fragment.glsl">
      <Filter>Source Files</Filter>
    </None>
  </ItemGroup>
  <ItemGroup>
    <Filter Include="CMake Rules">
      <UniqueIdentifier>{B8EC40A3-4290-3D9F-8D54-9942BC1F9E27}</UniqueIdentifier>
    </Filter>
    <Filter Include="Generated">
      <UniqueIdentifier>{2901CBAA-49A2-33DE-B37B-5306184C1275}</UniqueIdentifier>
    </Filter>
    <Filter Include="Header Files">
      <UniqueIdentifier>{0A083356-E22C-3FF4-89E7-40C1C36442D5}</UniqueIdentifier>
    </Filter>
    <Filter Include="Source Files">
      <UniqueIdentifier>{EF281415-9C27-31F6-BC52-8296F3C94897}</UniqueIdentifier>
    </Filter>
  </ItemGroup>
</Project>
